
Microsoft Visual Studio Solution File, Format Version 12.00
# Visual Studio Version 16
VisualStudioVersion = 16.0.31424.327
MinimumVisualStudioVersion = 10.0.40219.1
Project("{FAE04EC0-301F-11D3-BF4B-00C04F79EFBC}") = "SynthUtil", "SynthUtil\SynthUtil.csproj", "{21574D52-B9FE-4B02-8B67-AE956164C268}"
EndProject
Global
	GlobalSection(SolutionConfigurationPlatforms) = preSolution
		Debug|Any CPU = Debug|Any CPU
		Release|Any CPU = Release|Any CPU
	EndGlobalSection
	GlobalSection(ProjectConfigurationPlatforms) = postSolution
		{21574D52-B9FE-4B02-8B67-AE956164C268}.Debug|Any CPU.ActiveCfg = Debug|Any CPU
		{21574D52-B9FE-4B02-8B67-AE956164C268}.Debug|Any CPU.Build.0 = Debug|Any CPU
		{21574D52-B9FE-4B02-8B67-AE956164C268}.Release|Any CPU.ActiveCfg = Release|Any CPU
		{21574D52-B9FE-4B02-8B67-AE956164C268}.Release|Any CPU.Build.0 = Release|Any CPU
	EndGlobalSection
	GlobalSection(SolutionProperties) = preSolution
		HideSolutionNode = FALSE
	EndGlobalSection
	GlobalSection(ExtensibilityGlobals) = postSolution
		SolutionGuid = {47AB9054-ABE9-4199-8361-6A9849EC3E07}
	EndGlobalSection
EndGlobal
